
Microsoft Visual Studio Solution File, Format Version 12.00
# Visual Studio Version 17
VisualStudioVersion = 17.10.35013.160
MinimumVisualStudioVersion = 10.0.40219.1
Project("{FAE04EC0-301F-11D3-BF4B-00C04F79EFBC}") = "Company.GO2.PL", "Company.GO2.PL\Company.GO2.PL.csproj", "{8321E0FD-F1AD-4CFA-A6E9-D847E0CACD2D}"
EndProject
Global
	GlobalSection(SolutionConfigurationPlatforms) = preSolution
		Debug|Any CPU = Debug|Any CPU
		Release|Any CPU = Release|Any CPU
	EndGlobalSection
	GlobalSection(ProjectConfigurationPlatforms) = postSolution
		{8321E0FD-F1AD-4CFA-A6E9-D847E0CACD2D}.Debug|Any CPU.ActiveCfg = Debug|Any CPU
		{8321E0FD-F1AD-4CFA-A6E9-D847E0CACD2D}.Debug|Any CPU.Build.0 = Debug|Any CPU
		{8321E0FD-F1AD-4CFA-A6E9-D847E0CACD2D}.Release|Any CPU.ActiveCfg = Release|Any CPU
		{8321E0FD-F1AD-4CFA-A6E9-D847E0CACD2D}.Release|Any CPU.Build.0 = Release|Any CPU
	EndGlobalSection
	GlobalSection(SolutionProperties) = preSolution
		HideSolutionNode = FALSE
	EndGlobalSection
	GlobalSection(ExtensibilityGlobals) = postSolution
		SolutionGuid = {2F6D7CD6-2003-409D-826A-5A626406E890}
	EndGlobalSection
EndGlobal
